
Microsoft Visual Studio Solution File, Format Version 11.00
# Visual Basic Express 2010
Project("{F184B08F-C81C-45F6-A57F-5ABD9991F28F}") = "Activity 29", "Activity 29\Activity 29.vbproj", "{A60DA81C-FD27-45BA-B04F-9100A37C090F}"
EndProject
Global
	GlobalSection(SolutionConfigurationPlatforms) = preSolution
		Debug|x86 = Debug|x86
		Release|x86 = Release|x86
	EndGlobalSection
	GlobalSection(ProjectConfigurationPlatforms) = postSolution
		{A60DA81C-FD27-45BA-B04F-9100A37C090F}.Debug|x86.ActiveCfg = Debug|x86
		{A60DA81C-FD27-45BA-B04F-9100A37C090F}.Debug|x86.Build.0 = Debug|x86
		{A60DA81C-FD27-45BA-B04F-9100A37C090F}.Release|x86.ActiveCfg = Release|x86
		{A60DA81C-FD27-45BA-B04F-9100A37C090F}.Release|x86.Build.0 = Release|x86
	EndGlobalSection
	GlobalSection(SolutionProperties) = preSolution
		HideSolutionNode = FALSE
	EndGlobalSection
EndGlobal
