
Microsoft Visual Studio Solution File, Format Version 11.00
# Visual Basic Express 2010
Project("{F184B08F-C81C-45F6-A57F-5ABD9991F28F}") = "Activity 25 While Endwhile", "Activity 25 While Endwhile\Activity 25 While Endwhile.vbproj", "{A3112535-2073-4312-89D6-989D6BBA4138}"
EndProject
Global
	GlobalSection(SolutionConfigurationPlatforms) = preSolution
		Debug|x86 = Debug|x86
		Release|x86 = Release|x86
	EndGlobalSection
	GlobalSection(ProjectConfigurationPlatforms) = postSolution
		{A3112535-2073-4312-89D6-989D6BBA4138}.Debug|x86.ActiveCfg = Debug|x86
		{A3112535-2073-4312-89D6-989D6BBA4138}.Debug|x86.Build.0 = Debug|x86
		{A3112535-2073-4312-89D6-989D6BBA4138}.Release|x86.ActiveCfg = Release|x86
		{A3112535-2073-4312-89D6-989D6BBA4138}.Release|x86.Build.0 = Release|x86
	EndGlobalSection
	GlobalSection(SolutionProperties) = preSolution
		HideSolutionNode = FALSE
	EndGlobalSection
EndGlobal
