
Microsoft Visual Studio Solution File, Format Version 11.00
# Visual Basic Express 2010
Project("{F184B08F-C81C-45F6-A57F-5ABD9991F28F}") = "Finding Largest and Smallest Best Algorithm", "Finding Largest and Smallest Best Algorithm\Finding Largest and Smallest Best Algorithm.vbproj", "{A31D913E-E5BD-41B1-A5CB-3057706D6B56}"
EndProject
Global
	GlobalSection(SolutionConfigurationPlatforms) = preSolution
		Debug|x86 = Debug|x86
		Release|x86 = Release|x86
	EndGlobalSection
	GlobalSection(ProjectConfigurationPlatforms) = postSolution
		{A31D913E-E5BD-41B1-A5CB-3057706D6B56}.Debug|x86.ActiveCfg = Debug|x86
		{A31D913E-E5BD-41B1-A5CB-3057706D6B56}.Debug|x86.Build.0 = Debug|x86
		{A31D913E-E5BD-41B1-A5CB-3057706D6B56}.Release|x86.ActiveCfg = Release|x86
		{A31D913E-E5BD-41B1-A5CB-3057706D6B56}.Release|x86.Build.0 = Release|x86
	EndGlobalSection
	GlobalSection(SolutionProperties) = preSolution
		HideSolutionNode = FALSE
	EndGlobalSection
EndGlobal
