
Microsoft Visual Studio Solution File, Format Version 11.00
# Visual Basic Express 2010
Project("{F184B08F-C81C-45F6-A57F-5ABD9991F28F}") = "May June 2018 Q A", "May June 2018 Q A\May June 2018 Q A.vbproj", "{2D9EAEA5-8A47-4BE4-8D5B-8362675392B6}"
EndProject
Global
	GlobalSection(SolutionConfigurationPlatforms) = preSolution
		Debug|x86 = Debug|x86
		Release|x86 = Release|x86
	EndGlobalSection
	GlobalSection(ProjectConfigurationPlatforms) = postSolution
		{2D9EAEA5-8A47-4BE4-8D5B-8362675392B6}.Debug|x86.ActiveCfg = Debug|x86
		{2D9EAEA5-8A47-4BE4-8D5B-8362675392B6}.Debug|x86.Build.0 = Debug|x86
		{2D9EAEA5-8A47-4BE4-8D5B-8362675392B6}.Release|x86.ActiveCfg = Release|x86
		{2D9EAEA5-8A47-4BE4-8D5B-8362675392B6}.Release|x86.Build.0 = Release|x86
	EndGlobalSection
	GlobalSection(SolutionProperties) = preSolution
		HideSolutionNode = FALSE
	EndGlobalSection
EndGlobal
